dependencies:
- name: mongodb
  repository: https://charts.bitnami.com/bitnami
  version: 16.5.7
- name: redis
  repository: https://charts.bitnami.com/bitnami
  version: 20.2.2
- name: mibserver
  repository: https://pysnmp.github.io/mibs/charts/
  version: 1.15.17
digest: sha256:9d3783a1ca36d914e16ee0be5df38274cf3dd47d2ee48b098e4febbcf3715127
generated: "2025-05-14T15:40:06.628277+02:00"
